{
    "_meta": {
        "hash": {
            "sha256": "cd5be77460a8371dddd22b0fdeddd7d1f056330b62af759aad091af945fce673"
        },
        "pipfile-spec": 6,
        "requires": {
            "python_version": "3.9"
        },
        "sources": [
            {
                "name": "pypi",
                "url": "https://pypi.org/simple",
                "verify_ssl": true
            }
        ]
    },
    "default": {
        "freetype-py": {
            "hashes": [
                "sha256:3a552265b06c2cb3fa54f86ed6fcbf045d8dc8176f9475bedddf9a1b31f5402f",
                "sha256:89cee8f4e7cf0a37b73a43a08c88703d84e3b9f9243fc665d8dc0b72a5d206a8",
                "sha256:b95ccd52ff7e9bef34505f8af724cee114a3c3cc9cf13e0fd406fa0cc92b988a",
                "sha256:c8f17c3ac35dc7cc9571ac37a00a6daa428a1a6d0fe6926a77d16066865ed5ef",
                "sha256:ca7155de937af6f26bfd9f9089a6e9b01fa8f9d3040a3ddc0aeb3a53cf88f428",
                "sha256:ccdb1616794a8ad48beaa9e29d3494e6643d24d8e925cc39263de21c062ea5a7",
                "sha256:f9b64ce3272a5c358dcee824800a32d70997fb872a0965a557adca20fce7a5d0"
            ],
            "markers": "python_version >= '3.7'",
            "version": "==2.3.0"
        },
        "numpy": {
            "hashes": [
                "sha256:0cfe07133fd00b27edee5e6385e333e9eeb010607e8a46e1cd673f05f8596595",
                "sha256:11a1f3816ea82eed4178102c56281782690ab5993251fdfd75039aad4d20385f",
                "sha256:2762331de395739c91f1abb88041f94a080cb1143aeec791b3b223976228af3f",
                "sha256:283d9de87c0133ef98f93dfc09fad3fb382f2a15580de75c02b5bb36a5a159a5",
                "sha256:3d22662b4b10112c545c91a0741f2436f8ca979ab3d69d03d19322aa970f9695",
                "sha256:41388e32e40b41dd56eb37fcaa7488b2b47b0adf77c66154d6b89622c110dfe9",
                "sha256:42c16cec1c8cf2728f1d539bd55aaa9d6bb48a7de2f41eb944697293ef65a559",
                "sha256:47ee7a839f5885bc0c63a74aabb91f6f40d7d7b639253768c4199b37aede7982",
                "sha256:5a311ee4d983c487a0ab546708edbdd759393a3dc9cd30305170149fedd23c88",
                "sha256:5dc65644f75a4c2970f21394ad8bea1a844104f0fe01f278631be1c7eae27226",
                "sha256:6ed0d073a9c54ac40c41a9c2d53fcc3d4d4ed607670b9e7b0de1ba13b4cbfe6f",
                "sha256:76ba7c40e80f9dc815c5e896330700fd6e20814e69da9c1267d65a4d051080f1",
                "sha256:818b9be7900e8dc23e013a92779135623476f44a0de58b40c32a15368c01d471",
                "sha256:a024181d7aef0004d76fb3bce2a4c9f2e67a609a9e2a6ff2571d30e9976aa383",
                "sha256:a955e4128ac36797aaffd49ab44ec74a71c11d6938df83b1285492d277db5397",
                "sha256:a97a954a8c2f046d3817c2bce16e3c7e9a9c2afffaf0400f5c16df5172a67c9c",
                "sha256:a97e82c39d9856fe7d4f9b86d8a1e66eff99cf3a8b7ba48202f659703d27c46f",
                "sha256:b55b953a1bdb465f4dc181758570d321db4ac23005f90ffd2b434cc6609a63dd",
                "sha256:bb02929b0d6bfab4c48a79bd805bd7419114606947ec8284476167415171f55b",
                "sha256:bece0a4a49e60e472a6d1f70ac6cdea00f9ab80ff01132f96bd970cdd8a9e5a9",
                "sha256:e41e8951749c4b5c9a2dc5fdbc1a4eec6ab2a140fdae9b460b0f557eed870f4d",
                "sha256:f71d57cc8645f14816ae249407d309be250ad8de93ef61d9709b45a0ddf4050c"
            ],
            "index": "pypi",
            "version": "==1.22.0"
        },
        "pyqt5": {
            "hashes": [
                "sha256:29889845688a54d62820585ad5b2e0200a36b304ff3d7a555e95599f110ba4ce",
                "sha256:372b08dc9321d1201e4690182697c5e7ffb2e0770e6b4a45519025134b12e4fc",
                "sha256:894ca4ae767a8d6cf5903784b71f755073c78cb8c167eecf6e4ed6b3b055ac6a",
                "sha256:ea24f24b7679bf393dd2e4f53fe0ce65021be18304c1ff7a226c2fc5c356d0da",
                "sha256:faaecb76ec65e12673a968e7f5bc02495957e6996f0a3fa0d98895f9e4113746"
            ],
            "index": "pypi",
            "version": "==5.15.2"
        },
        "pyqt5-sip": {
            "hashes": [
                "sha256:0f77655c62ec91d47c2c99143f248624d44dd2d8a12d016e7c020508ad418aca",
                "sha256:205f3e1b3eea3597d8e878936c1a06e04bd23a59e8b179ee806465d72eea3071",
                "sha256:3126c84568ab341c12e46ded2230f62a9a78752a70fdab13713f89a71cd44f73",
                "sha256:4031547dfb679be309094bfa79254f5badc5ddbe66b9ad38e319d84a7d612443",
                "sha256:42320e7a94b1085ed85d49794ed4ccfe86f1cae80b44a894db908a8aba2bc60e",
                "sha256:4e5c1559311515291ea0ab0635529f14536954e3b973a7c7890ab7e4de1c2c23",
                "sha256:51e377789d59196213eddf458e6927f33ba9d217b614d17d20df16c9a8b2c41c",
                "sha256:686071be054e5be6ca5aaaef7960931d4ba917277e839e2e978c7cbe3f43bb6e",
                "sha256:9bca450c5306890cb002fe36bbca18f979dd9e5b810b766dce8e3ce5e66ba795",
                "sha256:a80dde8bfabbfb525883f35c8023df04ba6c62006ef5c8abeb52d3947284751c",
                "sha256:ad21ca0ee8cae2a41b61fc04949dccfab6fe008749627d94e8c7078cb7a73af1",
                "sha256:b4710fd85b57edef716cc55fae45bfd5bfac6fc7ba91036f1dcc3f331ca0eb39",
                "sha256:b69a1911f768b489846335e31e49eb34795c6b5a038ca24d894d751e3b0b44da",
                "sha256:d12b81c3a08abf7657a2ebc7d3649852a1f327eb2146ebadf45930486d32e920",
                "sha256:ec5e9ef78852e1f96f86d7e15c9215878422b83dde36d44f1539a3062942f19c",
                "sha256:f1f9e312ff8284d6dfebc5366f6f7d103f84eec23a4da0be0482403933e68660",
                "sha256:f6b72035da4e8fecbb0bc4a972e30a5674a9ad5608dbddaa517e983782dbf3bf"
            ],
            "markers": "python_version >= '3.7'",
            "version": "==12.11.0"
        },
        "vispy": {
            "hashes": [
                "sha256:0317edb43c74c3527b930d34adaf9fecb05089855d870d4b782006fc75f2ed67",
                "sha256:09fdda121cdb73fd3b6e26b06bd309e8d63cb436ad2a285558c372c3231f6039",
                "sha256:0fd3864fb1965ac4a6c01cc9e7d94d8ba989972c8d574c681ba74d0034595be3",
                "sha256:118da860e84f09f08d5fb666f162274f9bf3b0700390d32c38bf54ff85366a2f",
                "sha256:1f1048d30c0a73ef1b3ed979834dbd944af975a72edb9e682d74bf74d3e6b304",
                "sha256:2d294c388331fb80ec088c59fb79420e5c0a6ab983c78ccf4385f03b78e7dff5",
                "sha256:2f0e52858592084f0cff5b5acb98ad02ae9a47f18ae043cf7418e831ed66522d",
                "sha256:398707610642dab8c1597a36d8fac77772504e9a706343360d5709eec346c57b",
                "sha256:49202eaf37cfa2643295c54210edb645a757d9fdf826e81902250ac2f1c95d0c",
                "sha256:6a9426b0b916b4b00ced1d2a4138afd0e58a466fec4846aed6715c99a784c6ee",
                "sha256:6bfd8e3796b2f444ed54fbb91aec5ad3ebe95d1046fe3a29e34d403ea9433412",
                "sha256:6f3c4d00be9e6761c046d520a86693d78a0925d47eeb2fc095e95dac776f74ee",
                "sha256:763b79375964b037410a550f0e92a6ec5a839927ad1b664351927d36826df074",
                "sha256:78e9b1ff1a4cac3a61bec6881666bd4bb9ac048ffbdac6060e1bfa6c868e00e5",
                "sha256:7a74f3849fb5a139fdc88a724c61ab657fdc999e2704532aa5158b05fb4dbc94",
                "sha256:7d0205edd35261431098702c6dcf03b8cae0502b14eed8abb13258495ceaedeb",
                "sha256:89b8909ff22e7feabe99a2126350ec2662f50e346a471594d1c93431691e4b92",
                "sha256:90d4981425cc115bd7608aa445a10defc9ffecd15dea34712dd754263fb46647",
                "sha256:a17f6d8b38fc2574c543c5786065d0f0aa07782c94df080d5e22471980167baa",
                "sha256:a61a2e17e0d5f149439d0ad8e1e6274ee8de369967244e9ffd5a3551ec869a14",
                "sha256:a8e8b657c0955f9df1724fd59c579438cea2ac4c1e529c57da628921c17e4519",
                "sha256:abd799dff361fe0b003967f8e3741a40d2674e7cd034ee017f6abc2c02c6dded",
                "sha256:aca914dbd188c123af240b4c8631361372ab2517be7feb87102092e509e7a00f",
                "sha256:ad1bc54f0c10309ad69fbbd3aeb343702064be56a76b2a5392153dc1940564b8",
                "sha256:c40c485d576e626d1d831e9c77cfe1a18f0da0e2b3c5793106495407eb1af9dc",
                "sha256:d6fcda9ea1e14f80910e298b0cbe2f35a71cbb1739a32fa60298a297fb68a66e",
                "sha256:e0e2a016e5a9ce023451ac0d35054aed55fa8e355c0233d28d687bf26bd2e402",
                "sha256:e71094faf9dff919abf529e35436416e98d878478c66cbec021070c4cfcd53ca",
                "sha256:fa1bfb24fc51cc54ccb4503e2c937539173aea5b67a7af11f78f781fe1110886"
            ],
            "index": "pypi",
            "version": "==0.6.6"
        }
    },
    "develop": {}
}
